
Microsoft Visual Studio Solution File, Format Version 12.00
# Visual Studio Version 17
VisualStudioVersion = 17.7.34031.279
MinimumVisualStudioVersion = 10.0.40219.1
Project("{2150E333-8FDC-42A3-9474-1A3956D46DE8}") = "src", "src", "{AB91208D-48EE-4F7A-8335-07097E071DF4}"
EndProject
Project("{2150E333-8FDC-42A3-9474-1A3956D46DE8}") = "Core", "Core", "{218E0474-C972-4E68-A77B-727243B296ED}"
EndProject
Project("{2150E333-8FDC-42A3-9474-1A3956D46DE8}") = "Infrastructure", "Infrastructure", "{5A7D268E-2D43-48A9-B88C-9863EDF42687}"
EndProject
Project("{2150E333-8FDC-42A3-9474-1A3956D46DE8}") = "api", "api", "{12EF010B-3B54-44BE-B825-4B7EEE1087AF}"
EndProject
Project("{2150E333-8FDC-42A3-9474-1A3956D46DE8}") = "test", "test", "{741367B7-9422-41FA-96DF-8FCF0F97D35A}"
EndProject
Project("{9A19103F-16F7-4668-BE54-9A1E7A4F7556}") = "TaskManagement.Api", "src\Api\TaskManagement.Api\TaskManagement.Api.csproj", "{54629F73-E119-41D4-B735-E0927C1AF53D}"
EndProject
Project("{9A19103F-16F7-4668-BE54-9A1E7A4F7556}") = "TaskManagement.Domain", "src\Core\TaskManagement.Domain\TaskManagement.Domain.csproj", "{281C4C58-0707-4FE5-8526-21B72C4AAA44}"
EndProject
Project("{9A19103F-16F7-4668-BE54-9A1E7A4F7556}") = "TaskManagement.Data", "src\Infrastructure\TaskManagement.Data\TaskManagement.Data.csproj", "{06FEFE70-FB1E-4564-94D8-E6CA2A018C56}"
EndProject
Global
	GlobalSection(SolutionConfigurationPlatforms) = preSolution
		Debug|Any CPU = Debug|Any CPU
		Release|Any CPU = Release|Any CPU
	EndGlobalSection
	GlobalSection(ProjectConfigurationPlatforms) = postSolution
		{54629F73-E119-41D4-B735-E0927C1AF53D}.Debug|Any CPU.ActiveCfg = Debug|Any CPU
		{54629F73-E119-41D4-B735-E0927C1AF53D}.Debug|Any CPU.Build.0 = Debug|Any CPU
		{54629F73-E119-41D4-B735-E0927C1AF53D}.Release|Any CPU.ActiveCfg = Release|Any CPU
		{54629F73-E119-41D4-B735-E0927C1AF53D}.Release|Any CPU.Build.0 = Release|Any CPU
		{281C4C58-0707-4FE5-8526-21B72C4AAA44}.Debug|Any CPU.ActiveCfg = Debug|Any CPU
		{281C4C58-0707-4FE5-8526-21B72C4AAA44}.Debug|Any CPU.Build.0 = Debug|Any CPU
		{281C4C58-0707-4FE5-8526-21B72C4AAA44}.Release|Any CPU.ActiveCfg = Release|Any CPU
		{281C4C58-0707-4FE5-8526-21B72C4AAA44}.Release|Any CPU.Build.0 = Release|Any CPU
		{06FEFE70-FB1E-4564-94D8-E6CA2A018C56}.Debug|Any CPU.ActiveCfg = Debug|Any CPU
		{06FEFE70-FB1E-4564-94D8-E6CA2A018C56}.Debug|Any CPU.Build.0 = Debug|Any CPU
		{06FEFE70-FB1E-4564-94D8-E6CA2A018C56}.Release|Any CPU.ActiveCfg = Release|Any CPU
		{06FEFE70-FB1E-4564-94D8-E6CA2A018C56}.Release|Any CPU.Build.0 = Release|Any CPU
	EndGlobalSection
	GlobalSection(SolutionProperties) = preSolution
		HideSolutionNode = FALSE
	EndGlobalSection
	GlobalSection(NestedProjects) = preSolution
		{218E0474-C972-4E68-A77B-727243B296ED} = {AB91208D-48EE-4F7A-8335-07097E071DF4}
		{5A7D268E-2D43-48A9-B88C-9863EDF42687} = {AB91208D-48EE-4F7A-8335-07097E071DF4}
		{12EF010B-3B54-44BE-B825-4B7EEE1087AF} = {AB91208D-48EE-4F7A-8335-07097E071DF4}
		{741367B7-9422-41FA-96DF-8FCF0F97D35A} = {AB91208D-48EE-4F7A-8335-07097E071DF4}
		{54629F73-E119-41D4-B735-E0927C1AF53D} = {12EF010B-3B54-44BE-B825-4B7EEE1087AF}
		{281C4C58-0707-4FE5-8526-21B72C4AAA44} = {218E0474-C972-4E68-A77B-727243B296ED}
		{06FEFE70-FB1E-4564-94D8-E6CA2A018C56} = {5A7D268E-2D43-48A9-B88C-9863EDF42687}
	EndGlobalSection
	GlobalSection(ExtensibilityGlobals) = postSolution
		SolutionGuid = {13DB60E3-C262-4CAA-8A23-275DA671616B}
	EndGlobalSection
EndGlobal
